
Microsoft Visual Studio Solution File, Format Version 12.00
# Visual Studio 15
VisualStudioVersion = 15.0.28010.2016
MinimumVisualStudioVersion = 10.0.40219.1
Project("{FAE04EC0-301F-11D3-BF4B-00C04F79EFBC}") = "ReduxCore", "ReduxCore\ReduxCore.csproj", "{0AE46835-B2AE-4913-A98F-B68B7B3234F3}"
EndProject
Project("{2150E333-8FDC-42A3-9474-1A3956D46DE8}") = "ModernUIFoundation", "ModernUIFoundation", "{DF92D363-27F0-42C4-A63E-C1E552BC6314}"
EndProject
Project("{FAE04EC0-301F-11D3-BF4B-00C04F79EFBC}") = "ChromFXUI", "ChromFXUI\ChromFXUI.csproj", "{F08BB3EC-8BD4-4AF0-AC3F-49AF44917324}"
EndProject
Project("{FAE04EC0-301F-11D3-BF4B-00C04F79EFBC}") = "ChromFXUI.XP", "ChromFXUI.XP\ChromFXUI.XP.csproj", "{F43C7D7D-83A5-4A5C-A689-2CB5BBCEDD5C}"
EndProject
Project("{FAE04EC0-301F-11D3-BF4B-00C04F79EFBC}") = "BorderlessFormStyleDemoApp", "BorderlessFormStyleDemoApp\BorderlessFormStyleDemoApp.csproj", "{BD87B572-08EB-4B7D-98E1-7AFDE85D9AC1}"
EndProject
Project("{FAE04EC0-301F-11D3-BF4B-00C04F79EFBC}") = "ReduxTraditionalWinformApp", "ReduxStyleModernWinformTouris\ReduxTraditionalWinformApp.csproj", "{64B3E122-809B-4271-919F-DF39863A7B6B}"
EndProject
Project("{2150E333-8FDC-42A3-9474-1A3956D46DE8}") = "Redux", "Redux", "{1133AA58-B510-4576-8AED-10062940F2FA}"
EndProject
Project("{2150E333-8FDC-42A3-9474-1A3956D46DE8}") = "Example", "Example", "{37F4E9D7-4EB5-427A-A223-22E8830923D5}"
EndProject
Project("{FAE04EC0-301F-11D3-BF4B-00C04F79EFBC}") = "Actions", "Action\Actions.csproj", "{D6DE34EB-1FAC-4973-9B27-050350B4D839}"
EndProject
Project("{FAE04EC0-301F-11D3-BF4B-00C04F79EFBC}") = "Middlewares", "Middleware\Middlewares.csproj", "{03723516-A0A9-41EE-A56E-5F4B2EF1F50F}"
EndProject
Project("{FAE04EC0-301F-11D3-BF4B-00C04F79EFBC}") = "Reducers", "Reducer\Reducers.csproj", "{2F2BEE20-37DA-4199-8FF1-92ED4C9A24AE}"
EndProject
Project("{FAE04EC0-301F-11D3-BF4B-00C04F79EFBC}") = "Packages", "Package\Packages.csproj", "{C706E8B9-D1FA-4149-8277-B47764826CC2}"
EndProject
Project("{FAE04EC0-301F-11D3-BF4B-00C04F79EFBC}") = "ReduxCoreTest", "ReduxCoreTest\ReduxCoreTest.csproj", "{B40FD373-ACCA-490B-9C80-31E1DC76747A}"
EndProject
Project("{2150E333-8FDC-42A3-9474-1A3956D46DE8}") = "ChormFxBusiness", "ChormFxBusiness", "{2936856C-0DC6-4977-A60D-CCBA1B1484A3}"
EndProject
Project("{FAE04EC0-301F-11D3-BF4B-00C04F79EFBC}") = "CFActions", "CFActions\CFActions.csproj", "{E77817A1-4A9C-4042-B7DE-7A8A85372A8B}"
EndProject
Project("{FAE04EC0-301F-11D3-BF4B-00C04F79EFBC}") = "CTReducer", "TenantReducer\CTReducer.csproj", "{516CCE2D-E3C5-469C-99D9-5DE8836DC21D}"
EndProject
Global
	GlobalSection(SolutionConfigurationPlatforms) = preSolution
		Debug|Any CPU = Debug|Any CPU
		Debug|x86 = Debug|x86
		Release|Any CPU = Release|Any CPU
		Release|x86 = Release|x86
	EndGlobalSection
	GlobalSection(ProjectConfigurationPlatforms) = postSolution
		{0AE46835-B2AE-4913-A98F-B68B7B3234F3}.Debug|Any CPU.ActiveCfg = Debug|Any CPU
		{0AE46835-B2AE-4913-A98F-B68B7B3234F3}.Debug|Any CPU.Build.0 = Debug|Any CPU
		{0AE46835-B2AE-4913-A98F-B68B7B3234F3}.Debug|x86.ActiveCfg = Debug|Any CPU
		{0AE46835-B2AE-4913-A98F-B68B7B3234F3}.Debug|x86.Build.0 = Debug|Any CPU
		{0AE46835-B2AE-4913-A98F-B68B7B3234F3}.Release|Any CPU.ActiveCfg = Release|Any CPU
		{0AE46835-B2AE-4913-A98F-B68B7B3234F3}.Release|Any CPU.Build.0 = Release|Any CPU
		{0AE46835-B2AE-4913-A98F-B68B7B3234F3}.Release|x86.ActiveCfg = Release|Any CPU
		{0AE46835-B2AE-4913-A98F-B68B7B3234F3}.Release|x86.Build.0 = Release|Any CPU
		{F08BB3EC-8BD4-4AF0-AC3F-49AF44917324}.Debug|Any CPU.ActiveCfg = Debug|Any CPU
		{F08BB3EC-8BD4-4AF0-AC3F-49AF44917324}.Debug|Any CPU.Build.0 = Debug|Any CPU
		{F08BB3EC-8BD4-4AF0-AC3F-49AF44917324}.Debug|x86.ActiveCfg = Debug|x86
		{F08BB3EC-8BD4-4AF0-AC3F-49AF44917324}.Debug|x86.Build.0 = Debug|x86
		{F08BB3EC-8BD4-4AF0-AC3F-49AF44917324}.Release|Any CPU.ActiveCfg = Release|Any CPU
		{F08BB3EC-8BD4-4AF0-AC3F-49AF44917324}.Release|Any CPU.Build.0 = Release|Any CPU
		{F08BB3EC-8BD4-4AF0-AC3F-49AF44917324}.Release|x86.ActiveCfg = Release|x86
		{F08BB3EC-8BD4-4AF0-AC3F-49AF44917324}.Release|x86.Build.0 = Release|x86
		{F43C7D7D-83A5-4A5C-A689-2CB5BBCEDD5C}.Debug|Any CPU.ActiveCfg = Debug|Any CPU
		{F43C7D7D-83A5-4A5C-A689-2CB5BBCEDD5C}.Debug|Any CPU.Build.0 = Debug|Any CPU
		{F43C7D7D-83A5-4A5C-A689-2CB5BBCEDD5C}.Debug|x86.ActiveCfg = Debug|Any CPU
		{F43C7D7D-83A5-4A5C-A689-2CB5BBCEDD5C}.Debug|x86.Build.0 = Debug|Any CPU
		{F43C7D7D-83A5-4A5C-A689-2CB5BBCEDD5C}.Release|Any CPU.ActiveCfg = Release|Any CPU
		{F43C7D7D-83A5-4A5C-A689-2CB5BBCEDD5C}.Release|Any CPU.Build.0 = Release|Any CPU
		{F43C7D7D-83A5-4A5C-A689-2CB5BBCEDD5C}.Release|x86.ActiveCfg = Release|Any CPU
		{F43C7D7D-83A5-4A5C-A689-2CB5BBCEDD5C}.Release|x86.Build.0 = Release|Any CPU
		{BD87B572-08EB-4B7D-98E1-7AFDE85D9AC1}.Debug|Any CPU.ActiveCfg = Debug|Any CPU
		{BD87B572-08EB-4B7D-98E1-7AFDE85D9AC1}.Debug|Any CPU.Build.0 = Debug|Any CPU
		{BD87B572-08EB-4B7D-98E1-7AFDE85D9AC1}.Debug|x86.ActiveCfg = Debug|Any CPU
		{BD87B572-08EB-4B7D-98E1-7AFDE85D9AC1}.Debug|x86.Build.0 = Debug|Any CPU
		{BD87B572-08EB-4B7D-98E1-7AFDE85D9AC1}.Release|Any CPU.ActiveCfg = Release|Any CPU
		{BD87B572-08EB-4B7D-98E1-7AFDE85D9AC1}.Release|Any CPU.Build.0 = Release|Any CPU
		{BD87B572-08EB-4B7D-98E1-7AFDE85D9AC1}.Release|x86.ActiveCfg = Release|Any CPU
		{BD87B572-08EB-4B7D-98E1-7AFDE85D9AC1}.Release|x86.Build.0 = Release|Any CPU
		{64B3E122-809B-4271-919F-DF39863A7B6B}.Debug|Any CPU.ActiveCfg = Debug|Any CPU
		{64B3E122-809B-4271-919F-DF39863A7B6B}.Debug|Any CPU.Build.0 = Debug|Any CPU
		{64B3E122-809B-4271-919F-DF39863A7B6B}.Debug|x86.ActiveCfg = Debug|Any CPU
		{64B3E122-809B-4271-919F-DF39863A7B6B}.Debug|x86.Build.0 = Debug|Any CPU
		{64B3E122-809B-4271-919F-DF39863A7B6B}.Release|Any CPU.ActiveCfg = Release|Any CPU
		{64B3E122-809B-4271-919F-DF39863A7B6B}.Release|Any CPU.Build.0 = Release|Any CPU
		{64B3E122-809B-4271-919F-DF39863A7B6B}.Release|x86.ActiveCfg = Release|Any CPU
		{64B3E122-809B-4271-919F-DF39863A7B6B}.Release|x86.Build.0 = Release|Any CPU
		{D6DE34EB-1FAC-4973-9B27-050350B4D839}.Debug|Any CPU.ActiveCfg = Debug|Any CPU
		{D6DE34EB-1FAC-4973-9B27-050350B4D839}.Debug|Any CPU.Build.0 = Debug|Any CPU
		{D6DE34EB-1FAC-4973-9B27-050350B4D839}.Debug|x86.ActiveCfg = Debug|Any CPU
		{D6DE34EB-1FAC-4973-9B27-050350B4D839}.Debug|x86.Build.0 = Debug|Any CPU
		{D6DE34EB-1FAC-4973-9B27-050350B4D839}.Release|Any CPU.ActiveCfg = Release|Any CPU
		{D6DE34EB-1FAC-4973-9B27-050350B4D839}.Release|Any CPU.Build.0 = Release|Any CPU
		{D6DE34EB-1FAC-4973-9B27-050350B4D839}.Release|x86.ActiveCfg = Release|Any CPU
		{D6DE34EB-1FAC-4973-9B27-050350B4D839}.Release|x86.Build.0 = Release|Any CPU
		{03723516-A0A9-41EE-A56E-5F4B2EF1F50F}.Debug|Any CPU.ActiveCfg = Debug|Any CPU
		{03723516-A0A9-41EE-A56E-5F4B2EF1F50F}.Debug|Any CPU.Build.0 = Debug|Any CPU
		{03723516-A0A9-41EE-A56E-5F4B2EF1F50F}.Debug|x86.ActiveCfg = Debug|Any CPU
		{03723516-A0A9-41EE-A56E-5F4B2EF1F50F}.Debug|x86.Build.0 = Debug|Any CPU
		{03723516-A0A9-41EE-A56E-5F4B2EF1F50F}.Release|Any CPU.ActiveCfg = Release|Any CPU
		{03723516-A0A9-41EE-A56E-5F4B2EF1F50F}.Release|Any CPU.Build.0 = Release|Any CPU
		{03723516-A0A9-41EE-A56E-5F4B2EF1F50F}.Release|x86.ActiveCfg = Release|Any CPU
		{03723516-A0A9-41EE-A56E-5F4B2EF1F50F}.Release|x86.Build.0 = Release|Any CPU
		{2F2BEE20-37DA-4199-8FF1-92ED4C9A24AE}.Debug|Any CPU.ActiveCfg = Debug|Any CPU
		{2F2BEE20-37DA-4199-8FF1-92ED4C9A24AE}.Debug|Any CPU.Build.0 = Debug|Any CPU
		{2F2BEE20-37DA-4199-8FF1-92ED4C9A24AE}.Debug|x86.ActiveCfg = Debug|Any CPU
		{2F2BEE20-37DA-4199-8FF1-92ED4C9A24AE}.Debug|x86.Build.0 = Debug|Any CPU
		{2F2BEE20-37DA-4199-8FF1-92ED4C9A24AE}.Release|Any CPU.ActiveCfg = Release|Any CPU
		{2F2BEE20-37DA-4199-8FF1-92ED4C9A24AE}.Release|Any CPU.Build.0 = Release|Any CPU
		{2F2BEE20-37DA-4199-8FF1-92ED4C9A24AE}.Release|x86.ActiveCfg = Release|Any CPU
		{2F2BEE20-37DA-4199-8FF1-92ED4C9A24AE}.Release|x86.Build.0 = Release|Any CPU
		{C706E8B9-D1FA-4149-8277-B47764826CC2}.Debug|Any CPU.ActiveCfg = Debug|Any CPU
		{C706E8B9-D1FA-4149-8277-B47764826CC2}.Debug|Any CPU.Build.0 = Debug|Any CPU
		{C706E8B9-D1FA-4149-8277-B47764826CC2}.Debug|x86.ActiveCfg = Debug|Any CPU
		{C706E8B9-D1FA-4149-8277-B47764826CC2}.Debug|x86.Build.0 = Debug|Any CPU
		{C706E8B9-D1FA-4149-8277-B47764826CC2}.Release|Any CPU.ActiveCfg = Release|Any CPU
		{C706E8B9-D1FA-4149-8277-B47764826CC2}.Release|Any CPU.Build.0 = Release|Any CPU
		{C706E8B9-D1FA-4149-8277-B47764826CC2}.Release|x86.ActiveCfg = Release|Any CPU
		{C706E8B9-D1FA-4149-8277-B47764826CC2}.Release|x86.Build.0 = Release|Any CPU
		{B40FD373-ACCA-490B-9C80-31E1DC76747A}.Debug|Any CPU.ActiveCfg = Debug|Any CPU
		{B40FD373-ACCA-490B-9C80-31E1DC76747A}.Debug|Any CPU.Build.0 = Debug|Any CPU
		{B40FD373-ACCA-490B-9C80-31E1DC76747A}.Debug|x86.ActiveCfg = Debug|Any CPU
		{B40FD373-ACCA-490B-9C80-31E1DC76747A}.Debug|x86.Build.0 = Debug|Any CPU
		{B40FD373-ACCA-490B-9C80-31E1DC76747A}.Release|Any CPU.ActiveCfg = Release|Any CPU
		{B40FD373-ACCA-490B-9C80-31E1DC76747A}.Release|Any CPU.Build.0 = Release|Any CPU
		{B40FD373-ACCA-490B-9C80-31E1DC76747A}.Release|x86.ActiveCfg = Release|Any CPU
		{B40FD373-ACCA-490B-9C80-31E1DC76747A}.Release|x86.Build.0 = Release|Any CPU
		{E77817A1-4A9C-4042-B7DE-7A8A85372A8B}.Debug|Any CPU.ActiveCfg = Debug|Any CPU
		{E77817A1-4A9C-4042-B7DE-7A8A85372A8B}.Debug|Any CPU.Build.0 = Debug|Any CPU
		{E77817A1-4A9C-4042-B7DE-7A8A85372A8B}.Debug|x86.ActiveCfg = Debug|Any CPU
		{E77817A1-4A9C-4042-B7DE-7A8A85372A8B}.Debug|x86.Build.0 = Debug|Any CPU
		{E77817A1-4A9C-4042-B7DE-7A8A85372A8B}.Release|Any CPU.ActiveCfg = Release|Any CPU
		{E77817A1-4A9C-4042-B7DE-7A8A85372A8B}.Release|Any CPU.Build.0 = Release|Any CPU
		{E77817A1-4A9C-4042-B7DE-7A8A85372A8B}.Release|x86.ActiveCfg = Release|Any CPU
		{E77817A1-4A9C-4042-B7DE-7A8A85372A8B}.Release|x86.Build.0 = Release|Any CPU
		{516CCE2D-E3C5-469C-99D9-5DE8836DC21D}.Debug|Any CPU.ActiveCfg = Debug|Any CPU
		{516CCE2D-E3C5-469C-99D9-5DE8836DC21D}.Debug|Any CPU.Build.0 = Debug|Any CPU
		{516CCE2D-E3C5-469C-99D9-5DE8836DC21D}.Debug|x86.ActiveCfg = Debug|Any CPU
		{516CCE2D-E3C5-469C-99D9-5DE8836DC21D}.Debug|x86.Build.0 = Debug|Any CPU
		{516CCE2D-E3C5-469C-99D9-5DE8836DC21D}.Release|Any CPU.ActiveCfg = Release|Any CPU
		{516CCE2D-E3C5-469C-99D9-5DE8836DC21D}.Release|Any CPU.Build.0 = Release|Any CPU
		{516CCE2D-E3C5-469C-99D9-5DE8836DC21D}.Release|x86.ActiveCfg = Release|Any CPU
		{516CCE2D-E3C5-469C-99D9-5DE8836DC21D}.Release|x86.Build.0 = Release|Any CPU
	EndGlobalSection
	GlobalSection(SolutionProperties) = preSolution
		HideSolutionNode = FALSE
	EndGlobalSection
	GlobalSection(NestedProjects) = preSolution
		{0AE46835-B2AE-4913-A98F-B68B7B3234F3} = {1133AA58-B510-4576-8AED-10062940F2FA}
		{F08BB3EC-8BD4-4AF0-AC3F-49AF44917324} = {DF92D363-27F0-42C4-A63E-C1E552BC6314}
		{F43C7D7D-83A5-4A5C-A689-2CB5BBCEDD5C} = {DF92D363-27F0-42C4-A63E-C1E552BC6314}
		{64B3E122-809B-4271-919F-DF39863A7B6B} = {37F4E9D7-4EB5-427A-A223-22E8830923D5}
		{D6DE34EB-1FAC-4973-9B27-050350B4D839} = {37F4E9D7-4EB5-427A-A223-22E8830923D5}
		{03723516-A0A9-41EE-A56E-5F4B2EF1F50F} = {37F4E9D7-4EB5-427A-A223-22E8830923D5}
		{2F2BEE20-37DA-4199-8FF1-92ED4C9A24AE} = {37F4E9D7-4EB5-427A-A223-22E8830923D5}
		{C706E8B9-D1FA-4149-8277-B47764826CC2} = {37F4E9D7-4EB5-427A-A223-22E8830923D5}
		{B40FD373-ACCA-490B-9C80-31E1DC76747A} = {1133AA58-B510-4576-8AED-10062940F2FA}
		{2936856C-0DC6-4977-A60D-CCBA1B1484A3} = {37F4E9D7-4EB5-427A-A223-22E8830923D5}
		{E77817A1-4A9C-4042-B7DE-7A8A85372A8B} = {2936856C-0DC6-4977-A60D-CCBA1B1484A3}
		{516CCE2D-E3C5-469C-99D9-5DE8836DC21D} = {2936856C-0DC6-4977-A60D-CCBA1B1484A3}
	EndGlobalSection
	GlobalSection(ExtensibilityGlobals) = postSolution
		SolutionGuid = {8CA54D33-9720-4C48-9B73-A31A97B00820}
	EndGlobalSection
EndGlobal
